// !$*UTF8*$!
{
	archiveVersion = 1;
	classes = {
	};
	objectVersion = 55;
	objects = {

/* Begin PBXBuildFile section */
		1BDB4B0827D8A7C7004DF2BA /* AppDelegate.swift in Sources */ = {isa = PBXBuildFile; fileRef = 1BDB4B0727D8A7C7004DF2BA /* AppDelegate.swift */; };
		1BDB4B1127D8A7C9004DF2BA /* Assets.xcassets in Resources */ = {isa = PBXBuildFile; fileRef = 1BDB4B1027D8A7C9004DF2BA /* Assets.xcassets */; };
		1BDB4B1427D8A7C9004DF2BA /* LaunchScreen.storyboard in Resources */ = {isa = PBXBuildFile; fileRef = 1BDB4B1227D8A7C9004DF2BA /* LaunchScreen.storyboard */; };
		1BDB4B1D27D8A857004DF2BA /* CategoryListViewController.swift in Sources */ = {isa = PBXBuildFile; fileRef = 1BDB4B1C27D8A857004DF2BA /* CategoryListViewController.swift */; };
		1BDB4B2527D8AE66004DF2BA /* SubcategoryCell.swift in Sources */ = {isa = PBXBuildFile; fileRef = 1BDB4B2327D8AE66004DF2BA /* SubcategoryCell.swift */; };
		1BDB4B2E27D8B97E004DF2BA /* Fredoka-Regular.ttf in Resources */ = {isa = PBXBuildFile; fileRef = 1BDB4B2D27D8B97E004DF2BA /* Fredoka-Regular.ttf */; };
		1BDB4B3127D8EBF4004DF2BA /* CategoryListViewModel.swift in Sources */ = {isa = PBXBuildFile; fileRef = 1BDB4B3027D8EBF4004DF2BA /* CategoryListViewModel.swift */; };
		1BDB4B3327D8EE57004DF2BA /* WorkViewController.swift in Sources */ = {isa = PBXBuildFile; fileRef = 1BDB4B3227D8EE57004DF2BA /* WorkViewController.swift */; };
		1BDB4B3527D8EEEE004DF2BA /* WorkViewModel.swift in Sources */ = {isa = PBXBuildFile; fileRef = 1BDB4B3427D8EEEE004DF2BA /* WorkViewModel.swift */; };
		1BDB4B3727D8EFF2004DF2BA /* LifeViewController.swift in Sources */ = {isa = PBXBuildFile; fileRef = 1BDB4B3627D8EFF2004DF2BA /* LifeViewController.swift */; };
		1BDB4B3927D8F037004DF2BA /* LifeViewModel.swift in Sources */ = {isa = PBXBuildFile; fileRef = 1BDB4B3827D8F037004DF2BA /* LifeViewModel.swift */; };
		1BDB4B3B27D8F05F004DF2BA /* HobbyViewModel.swift in Sources */ = {isa = PBXBuildFile; fileRef = 1BDB4B3A27D8F05F004DF2BA /* HobbyViewModel.swift */; };
		1BDB4B3D27D8F07A004DF2BA /* HobbyViewController.swift in Sources */ = {isa = PBXBuildFile; fileRef = 1BDB4B3C27D8F07A004DF2BA /* HobbyViewController.swift */; };
		1BDB4B4427D9E5AE004DF2BA /* SubcategoryCollectionView.swift in Sources */ = {isa = PBXBuildFile; fileRef = 1BDB4B4327D9E5AE004DF2BA /* SubcategoryCollectionView.swift */; };
		1BDB4B4727D9F442004DF2BA /* BaseSubcategoryView.swift in Sources */ = {isa = PBXBuildFile; fileRef = 1BDB4B4627D9F442004DF2BA /* BaseSubcategoryView.swift */; };
		1BDB4B4A27DA0255004DF2BA /* AddSFSymbolToText.swift in Sources */ = {isa = PBXBuildFile; fileRef = 1BDB4B4927DA0255004DF2BA /* AddSFSymbolToText.swift */; };
		1BDB4B4D27DA3B2A004DF2BA /* SubcategoryModel.swift in Sources */ = {isa = PBXBuildFile; fileRef = 1BDB4B4C27DA3B2A004DF2BA /* SubcategoryModel.swift */; };
		673FD8D6232F0F2182E562F1 /* Pods_CategoryApp.framework in Frameworks */ = {isa = PBXBuildFile; fileRef = FA55DF08F577BC8BDA315FE8 /* Pods_CategoryApp.framework */; };
/* End PBXBuildFile section */

/* Begin PBXFileReference section */
		1BDB4B0427D8A7C7004DF2BA /* CategoryApp.app */ = {isa = PBXFileReference; explicitFileType = wrapper.application; includeInIndex = 0; path = CategoryApp.app; sourceTree = BUILT_PRODUCTS_DIR; };
		1BDB4B0727D8A7C7004DF2BA /* AppDelegate.swift */ = {isa = PBXFileReference; lastKnownFileType = sourcecode.swift; path = AppDelegate.swift; sourceTree = "<group>"; };
		1BDB4B1027D8A7C9004DF2BA /* Assets.xcassets */ = {isa = PBXFileReference; lastKnownFileType = folder.assetcatalog; path = Assets.xcassets; sourceTree = "<group>"; };
		1BDB4B1327D8A7C9004DF2BA /* Base */ = {isa = PBXFileReference; lastKnownFileType = file.storyboard; name = Base; path = Base.lproj/LaunchScreen.storyboard; sourceTree = "<group>"; };
		1BDB4B1527D8A7C9004DF2BA /* Info.plist */ = {isa = PBXFileReference; lastKnownFileType = text.plist.xml; path = Info.plist; sourceTree = "<group>"; };
		1BDB4B1C27D8A857004DF2BA /* CategoryListViewController.swift */ = {isa = PBXFileReference; lastKnownFileType = sourcecode.swift; path = CategoryListViewController.swift; sourceTree = "<group>"; };
		1BDB4B2327D8AE66004DF2BA /* SubcategoryCell.swift */ = {isa = PBXFileReference; lastKnownFileType = sourcecode.swift; path = SubcategoryCell.swift; sourceTree = "<group>"; };
		1BDB4B2D27D8B97E004DF2BA /* Fredoka-Regular.ttf */ = {isa = PBXFileReference; lastKnownFileType = file; path = "Fredoka-Regular.ttf"; sourceTree = "<group>"; };
		1BDB4B3027D8EBF4004DF2BA /* CategoryListViewModel.swift */ = {isa = PBXFileReference; lastKnownFileType = sourcecode.swift; path = CategoryListViewModel.swift; sourceTree = "<group>"; };
		1BDB4B3227D8EE57004DF2BA /* WorkViewController.swift */ = {isa = PBXFileReference; lastKnownFileType = sourcecode.swift; path = WorkViewController.swift; sourceTree = "<group>"; };
		1BDB4B3427D8EEEE004DF2BA /* WorkViewModel.swift */ = {isa = PBXFileReference; lastKnownFileType = sourcecode.swift; path = WorkViewModel.swift; sourceTree = "<group>"; };
		1BDB4B3627D8EFF2004DF2BA /* LifeViewController.swift */ = {isa = PBXFileReference; lastKnownFileType = sourcecode.swift; path = LifeViewController.swift; sourceTree = "<group>"; };
		1BDB4B3827D8F037004DF2BA /* LifeViewModel.swift */ = {isa = PBXFileReference; lastKnownFileType = sourcecode.swift; path = LifeViewModel.swift; sourceTree = "<group>"; };
		1BDB4B3A27D8F05F004DF2BA /* HobbyViewModel.swift */ = {isa = PBXFileReference; lastKnownFileType = sourcecode.swift; path = HobbyViewModel.swift; sourceTree = "<group>"; };
		1BDB4B3C27D8F07A004DF2BA /* HobbyViewController.swift */ = {isa = PBXFileReference; lastKnownFileType = sourcecode.swift; path = HobbyViewController.swift; sourceTree = "<group>"; };
		1BDB4B4327D9E5AE004DF2BA /* SubcategoryCollectionView.swift */ = {isa = PBXFileReference; lastKnownFileType = sourcecode.swift; path = SubcategoryCollectionView.swift; sourceTree = "<group>"; };
		1BDB4B4627D9F442004DF2BA /* BaseSubcategoryView.swift */ = {isa = PBXFileReference; lastKnownFileType = sourcecode.swift; path = BaseSubcategoryView.swift; sourceTree = "<group>"; };
		1BDB4B4927DA0255004DF2BA /* AddSFSymbolToText.swift */ = {isa = PBXFileReference; lastKnownFileType = sourcecode.swift; path = AddSFSymbolToText.swift; sourceTree = "<group>"; };
		1BDB4B4C27DA3B2A004DF2BA /* SubcategoryModel.swift */ = {isa = PBXFileReference; lastKnownFileType = sourcecode.swift; path = SubcategoryModel.swift; sourceTree = "<group>"; };
		60A6D637B82258A7218F6DD1 /* Pods-CategoryApp.debug.xcconfig */ = {isa = PBXFileReference; includeInIndex = 1; lastKnownFileType = text.xcconfig; name = "Pods-CategoryApp.debug.xcconfig"; path = "Target Support Files/Pods-CategoryApp/Pods-CategoryApp.debug.xcconfig"; sourceTree = "<group>"; };
		881EA49D3112EACBF262046D /* Pods-CategoryApp.release.xcconfig */ = {isa = PBXFileReference; includeInIndex = 1; lastKnownFileType = text.xcconfig; name = "Pods-CategoryApp.release.xcconfig"; path = "Target Support Files/Pods-CategoryApp/Pods-CategoryApp.release.xcconfig"; sourceTree = "<group>"; };
		FA55DF08F577BC8BDA315FE8 /* Pods_CategoryApp.framework */ = {isa = PBXFileReference; explicitFileType = wrapper.framework; includeInIndex = 0; path = Pods_CategoryApp.framework; sourceTree = BUILT_PRODUCTS_DIR; };
/* End PBXFileReference section */

/* Begin PBXFrameworksBuildPhase section */
		1BDB4B0127D8A7C7004DF2BA /* Frameworks */ = {
			isa = PBXFrameworksBuildPhase;
			buildActionMask = 2147483647;
			files = (
				673FD8D6232F0F2182E562F1 /* Pods_CategoryApp.framework in Frameworks */,
			);
			runOnlyForDeploymentPostprocessing = 0;
		};
/* End PBXFrameworksBuildPhase section */

/* Begin PBXGroup section */
		1BDB4AFB27D8A7C7004DF2BA = {
			isa = PBXGroup;
			children = (
				1BDB4B0627D8A7C7004DF2BA /* CategoryApp */,
				1BDB4B0527D8A7C7004DF2BA /* Products */,
				F2868A6C1E2AF187DAD77FDA /* Pods */,
				E5589D88DBA75B70A31DE507 /* Frameworks */,
			);
			sourceTree = "<group>";
		};
		1BDB4B0527D8A7C7004DF2BA /* Products */ = {
			isa = PBXGroup;
			children = (
				1BDB4B0427D8A7C7004DF2BA /* CategoryApp.app */,
			);
			name = Products;
			sourceTree = "<group>";
		};
		1BDB4B0627D8A7C7004DF2BA /* CategoryApp */ = {
			isa = PBXGroup;
			children = (
				1BDB4B4B27DA3B1B004DF2BA /* Model */,
				1BDB4B4827DA023A004DF2BA /* Utils */,
				1BDB4B2727D8B360004DF2BA /* Resources */,
				1BDB4B2127D8AE0E004DF2BA /* Views */,
				1BDB4B1B27D8A831004DF2BA /* Controllers */,
				1BDB4B0727D8A7C7004DF2BA /* AppDelegate.swift */,
				1BDB4B1027D8A7C9004DF2BA /* Assets.xcassets */,
				1BDB4B1227D8A7C9004DF2BA /* LaunchScreen.storyboard */,
				1BDB4B1527D8A7C9004DF2BA /* Info.plist */,
			);
			path = CategoryApp;
			sourceTree = "<group>";
		};
		1BDB4B1B27D8A831004DF2BA /* Controllers */ = {
			isa = PBXGroup;
			children = (
				1BDB4B2F27D8EBCA004DF2BA /* CategoryListViewController */,
				1BDB4B2027D8ACC5004DF2BA /* LifeViewController */,
				1BDB4B1F27D8ACB6004DF2BA /* HobbyViewController */,
				1BDB4B1E27D8ACA2004DF2BA /* WorkViewController */,
			);
			path = Controllers;
			sourceTree = "<group>";
		};
		1BDB4B1E27D8ACA2004DF2BA /* WorkViewController */ = {
			isa = PBXGroup;
			children = (
				1BDB4B3227D8EE57004DF2BA /* WorkViewController.swift */,
				1BDB4B3427D8EEEE004DF2BA /* WorkViewModel.swift */,
			);
			path = WorkViewController;
			sourceTree = "<group>";
		};
		1BDB4B1F27D8ACB6004DF2BA /* HobbyViewController */ = {
			isa = PBXGroup;
			children = (
				1BDB4B3C27D8F07A004DF2BA /* HobbyViewController.swift */,
				1BDB4B3A27D8F05F004DF2BA /* HobbyViewModel.swift */,
			);
			path = HobbyViewController;
			sourceTree = "<group>";
		};
		1BDB4B2027D8ACC5004DF2BA /* LifeViewController */ = {
			isa = PBXGroup;
			children = (
				1BDB4B3627D8EFF2004DF2BA /* LifeViewController.swift */,
				1BDB4B3827D8F037004DF2BA /* LifeViewModel.swift */,
			);
			path = LifeViewController;
			sourceTree = "<group>";
		};
		1BDB4B2127D8AE0E004DF2BA /* Views */ = {
			isa = PBXGroup;
			children = (
				1BDB4B4527D9F41F004DF2BA /* BaseSubcategoryView */,
				1BDB4B4227D9E592004DF2BA /* SubcategoryCollectionView */,
				1BDB4B2227D8AE1A004DF2BA /* SubcategoryCell */,
			);
			path = Views;
			sourceTree = "<group>";
		};
		1BDB4B2227D8AE1A004DF2BA /* SubcategoryCell */ = {
			isa = PBXGroup;
			children = (
				1BDB4B2327D8AE66004DF2BA /* SubcategoryCell.swift */,
			);
			path = SubcategoryCell;
			sourceTree = "<group>";
		};
		1BDB4B2727D8B360004DF2BA /* Resources */ = {
			isa = PBXGroup;
			children = (
				1BDB4B2827D8B37A004DF2BA /* Fonts */,
			);
			path = Resources;
			sourceTree = "<group>";
		};
		1BDB4B2827D8B37A004DF2BA /* Fonts */ = {
			isa = PBXGroup;
			children = (
				1BDB4B2D27D8B97E004DF2BA /* Fredoka-Regular.ttf */,
			);
			path = Fonts;
			sourceTree = "<group>";
		};
		1BDB4B2F27D8EBCA004DF2BA /* CategoryListViewController */ = {
			isa = PBXGroup;
			children = (
				1BDB4B1C27D8A857004DF2BA /* CategoryListViewController.swift */,
				1BDB4B3027D8EBF4004DF2BA /* CategoryListViewModel.swift */,
			);
			path = CategoryListViewController;
			sourceTree = "<group>";
		};
		1BDB4B4227D9E592004DF2BA /* SubcategoryCollectionView */ = {
			isa = PBXGroup;
			children = (
				1BDB4B4327D9E5AE004DF2BA /* SubcategoryCollectionView.swift */,
			);
			path = SubcategoryCollectionView;
			sourceTree = "<group>";
		};
		1BDB4B4527D9F41F004DF2BA /* BaseSubcategoryView */ = {
			isa = PBXGroup;
			children = (
				1BDB4B4627D9F442004DF2BA /* BaseSubcategoryView.swift */,
			);
			path = BaseSubcategoryView;
			sourceTree = "<group>";
		};
		1BDB4B4827DA023A004DF2BA /* Utils */ = {
			isa = PBXGroup;
			children = (
				1BDB4B4927DA0255004DF2BA /* AddSFSymbolToText.swift */,
			);
			path = Utils;
			sourceTree = "<group>";
		};
		1BDB4B4B27DA3B1B004DF2BA /* Model */ = {
			isa = PBXGroup;
			children = (
				1BDB4B4C27DA3B2A004DF2BA /* SubcategoryModel.swift */,
			);
			path = Model;
			sourceTree = "<group>";
		};
		E5589D88DBA75B70A31DE507 /* Frameworks */ = {
			isa = PBXGroup;
			children = (
				FA55DF08F577BC8BDA315FE8 /* Pods_CategoryApp.framework */,
			);
			name = Frameworks;
			sourceTree = "<group>";
		};
		F2868A6C1E2AF187DAD77FDA /* Pods */ = {
			isa = PBXGroup;
			children = (
				60A6D637B82258A7218F6DD1 /* Pods-CategoryApp.debug.xcconfig */,
				881EA49D3112EACBF262046D /* Pods-CategoryApp.release.xcconfig */,
			);
			path = Pods;
			sourceTree = "<group>";
		};
/* End PBXGroup section */

/* Begin PBXNativeTarget section */
		1BDB4B0327D8A7C7004DF2BA /* CategoryApp */ = {
			isa = PBXNativeTarget;
			buildConfigurationList = 1BDB4B1827D8A7C9004DF2BA /* Build configuration list for PBXNativeTarget "CategoryApp" */;
			buildPhases = (
				5E6007A52EEE68447FD16AA0 /* [CP] Check Pods Manifest.lock */,
				1BDB4B0027D8A7C7004DF2BA /* Sources */,
				1BDB4B0127D8A7C7004DF2BA /* Frameworks */,
				1BDB4B0227D8A7C7004DF2BA /* Resources */,
				04E5133C33F304CCB44BD30F /* [CP] Embed Pods Frameworks */,
			);
			buildRules = (
			);
			dependencies = (
			);
			name = CategoryApp;
			productName = CategoryApp;
			productReference = 1BDB4B0427D8A7C7004DF2BA /* CategoryApp.app */;
			productType = "com.apple.product-type.application";
		};
/* End PBXNativeTarget section */

/* Begin PBXProject section */
		1BDB4AFC27D8A7C7004DF2BA /* Project object */ = {
			isa = PBXProject;
			attributes = {
				BuildIndependentTargetsInParallel = 1;
				LastSwiftUpdateCheck = 1320;
				LastUpgradeCheck = 1320;
				TargetAttributes = {
					1BDB4B0327D8A7C7004DF2BA = {
						CreatedOnToolsVersion = 13.2.1;
					};
				};
			};
			buildConfigurationList = 1BDB4AFF27D8A7C7004DF2BA /* Build configuration list for PBXProject "CategoryApp" */;
			compatibilityVersion = "Xcode 13.0";
			developmentRegion = en;
			hasScannedForEncodings = 0;
			knownRegions = (
				en,
				Base,
			);
			mainGroup = 1BDB4AFB27D8A7C7004DF2BA;
			productRefGroup = 1BDB4B0527D8A7C7004DF2BA /* Products */;
			projectDirPath = "";
			projectRoot = "";
			targets = (
				1BDB4B0327D8A7C7004DF2BA /* CategoryApp */,
			);
		};
/* End PBXProject section */

/* Begin PBXResourcesBuildPhase section */
		1BDB4B0227D8A7C7004DF2BA /* Resources */ = {
			isa = PBXResourcesBuildPhase;
			buildActionMask = 2147483647;
			files = (
				1BDB4B1427D8A7C9004DF2BA /* LaunchScreen.storyboard in Resources */,
				1BDB4B1127D8A7C9004DF2BA /* Assets.xcassets in Resources */,
				1BDB4B2E27D8B97E004DF2BA /* Fredoka-Regular.ttf in Resources */,
			);
			runOnlyForDeploymentPostprocessing = 0;
		};
/* End PBXResourcesBuildPhase section */

/* Begin PBXShellScriptBuildPhase section */
		04E5133C33F304CCB44BD30F /* [CP] Embed Pods Frameworks */ = {
			isa = PBXShellScriptBuildPhase;
			buildActionMask = 2147483647;
			files = (
			);
			inputFileListPaths = (
				"${PODS_ROOT}/Target Support Files/Pods-CategoryApp/Pods-CategoryApp-frameworks-${CONFIGURATION}-input-files.xcfilelist",
			);
			name = "[CP] Embed Pods Frameworks";
			outputFileListPaths = (
				"${PODS_ROOT}/Target Support Files/Pods-CategoryApp/Pods-CategoryApp-frameworks-${CONFIGURATION}-output-files.xcfilelist",
			);
			runOnlyForDeploymentPostprocessing = 0;
			shellPath = /bin/sh;
			shellScript = "\"${PODS_ROOT}/Target Support Files/Pods-CategoryApp/Pods-CategoryApp-frameworks.sh\"\n";
			showEnvVarsInLog = 0;
		};
		5E6007A52EEE68447FD16AA0 /* [CP] Check Pods Manifest.lock */ = {
			isa = PBXShellScriptBuildPhase;
			buildActionMask = 2147483647;
			files = (
			);
			inputFileListPaths = (
			);
			inputPaths = (
				"${PODS_PODFILE_DIR_PATH}/Podfile.lock",
				"${PODS_ROOT}/Manifest.lock",
			);
			name = "[CP] Check Pods Manifest.lock";
			outputFileListPaths = (
			);
			outputPaths = (
				"$(DERIVED_FILE_DIR)/Pods-CategoryApp-checkManifestLockResult.txt",
			);
			runOnlyForDeploymentPostprocessing = 0;
			shellPath = /bin/sh;
			shellScript = "diff \"${PODS_PODFILE_DIR_PATH}/Podfile.lock\" \"${PODS_ROOT}/Manifest.lock\" > /dev/null\nif [ $? != 0 ] ; then\n    # print error to STDERR\n    echo \"error: The sandbox is not in sync with the Podfile.lock. Run 'pod install' or update your CocoaPods installation.\" >&2\n    exit 1\nfi\n# This output is used by Xcode 'outputs' to avoid re-running this script phase.\necho \"SUCCESS\" > \"${SCRIPT_OUTPUT_FILE_0}\"\n";
			showEnvVarsInLog = 0;
		};
/* End PBXShellScriptBuildPhase section */

/* Begin PBXSourcesBuildPhase section */
		1BDB4B0027D8A7C7004DF2BA /* Sources */ = {
			isa = PBXSourcesBuildPhase;
			buildActionMask = 2147483647;
			files = (
				1BDB4B4A27DA0255004DF2BA /* AddSFSymbolToText.swift in Sources */,
				1BDB4B2527D8AE66004DF2BA /* SubcategoryCell.swift in Sources */,
				1BDB4B3D27D8F07A004DF2BA /* HobbyViewController.swift in Sources */,
				1BDB4B3927D8F037004DF2BA /* LifeViewModel.swift in Sources */,
				1BDB4B3727D8EFF2004DF2BA /* LifeViewController.swift in Sources */,
				1BDB4B3527D8EEEE004DF2BA /* WorkViewModel.swift in Sources */,
				1BDB4B3B27D8F05F004DF2BA /* HobbyViewModel.swift in Sources */,
				1BDB4B4D27DA3B2A004DF2BA /* SubcategoryModel.swift in Sources */,
				1BDB4B4427D9E5AE004DF2BA /* SubcategoryCollectionView.swift in Sources */,
				1BDB4B0827D8A7C7004DF2BA /* AppDelegate.swift in Sources */,
				1BDB4B3327D8EE57004DF2BA /* WorkViewController.swift in Sources */,
				1BDB4B1D27D8A857004DF2BA /* CategoryListViewController.swift in Sources */,
				1BDB4B4727D9F442004DF2BA /* BaseSubcategoryView.swift in Sources */,
				1BDB4B3127D8EBF4004DF2BA /* CategoryListViewModel.swift in Sources */,
			);
			runOnlyForDeploymentPostprocessing = 0;
		};
/* End PBXSourcesBuildPhase section */

/* Begin PBXVariantGroup section */
		1BDB4B1227D8A7C9004DF2BA /* LaunchScreen.storyboard */ = {
			isa = PBXVariantGroup;
			children = (
				1BDB4B1327D8A7C9004DF2BA /* Base */,
			);
			name = LaunchScreen.storyboard;
			sourceTree = "<group>";
		};
/* End PBXVariantGroup section */

/* Begin XCBuildConfiguration section */
		1BDB4B1627D8A7C9004DF2BA /* Debug */ = {
			isa = XCBuildConfiguration;
			buildSettings = {
				ALWAYS_SEARCH_USER_PATHS = NO;
				CLANG_ANALYZER_NONNULL = YES;
				CLANG_ANALYZER_NUMBER_OBJECT_CONVERSION = YES_AGGRESSIVE;
				CLANG_CXX_LANGUAGE_STANDARD = "gnu++17";
				CLANG_CXX_LIBRARY = "libc++";
				CLANG_ENABLE_MODULES = YES;
				CLANG_ENABLE_OBJC_ARC = YES;
				CLANG_ENABLE_OBJC_WEAK = YES;
				CLANG_WARN_BLOCK_CAPTURE_AUTORELEASING = YES;
				CLANG_WARN_BOOL_CONVERSION = YES;
				CLANG_WARN_COMMA = YES;
				CLANG_WARN_CONSTANT_CONVERSION = YES;
				CLANG_WARN_DEPRECATED_OBJC_IMPLEMENTATIONS = YES;
				CLANG_WARN_DIRECT_OBJC_ISA_USAGE = YES_ERROR;
				CLANG_WARN_DOCUMENTATION_COMMENTS = YES;
				CLANG_WARN_EMPTY_BODY = YES;
				CLANG_WARN_ENUM_CONVERSION = YES;
				CLANG_WARN_INFINITE_RECURSION = YES;
				CLANG_WARN_INT_CONVERSION = YES;
				CLANG_WARN_NON_LITERAL_NULL_CONVERSION = YES;
				CLANG_WARN_OBJC_IMPLICIT_RETAIN_SELF = YES;
				CLANG_WARN_OBJC_LITERAL_CONVERSION = YES;
				CLANG_WARN_OBJC_ROOT_CLASS = YES_ERROR;
				CLANG_WARN_QUOTED_INCLUDE_IN_FRAMEWORK_HEADER = YES;
				CLANG_WARN_RANGE_LOOP_ANALYSIS = YES;
				CLANG_WARN_STRICT_PROTOTYPES = YES;
				CLANG_WARN_SUSPICIOUS_MOVE = YES;
				CLANG_WARN_UNGUARDED_AVAILABILITY = YES_AGGRESSIVE;
				CLANG_WARN_UNREACHABLE_CODE = YES;
				CLANG_WARN__DUPLICATE_METHOD_MATCH = YES;
				COPY_PHASE_STRIP = NO;
				DEBUG_INFORMATION_FORMAT = dwarf;
				ENABLE_STRICT_OBJC_MSGSEND = YES;
				ENABLE_TESTABILITY = YES;
				GCC_C_LANGUAGE_STANDARD = gnu11;
				GCC_DYNAMIC_NO_PIC = NO;
				GCC_NO_COMMON_BLOCKS = YES;
				GCC_OPTIMIZATION_LEVEL = 0;
				GCC_PREPROCESSOR_DEFINITIONS = (
					"DEBUG=1",
					"$(inherited)",
				);
				GCC_WARN_64_TO_32_BIT_CONVERSION = YES;
				GCC_WARN_ABOUT_RETURN_TYPE = YES_ERROR;
				GCC_WARN_UNDECLARED_SELECTOR = YES;
				GCC_WARN_UNINITIALIZED_AUTOS = YES_AGGRESSIVE;
				GCC_WARN_UNUSED_FUNCTION = YES;
				GCC_WARN_UNUSED_VARIABLE = YES;
				IPHONEOS_DEPLOYMENT_TARGET = 15.2;
				MTL_ENABLE_DEBUG_INFO = INCLUDE_SOURCE;
				MTL_FAST_MATH = YES;
				ONLY_ACTIVE_ARCH = YES;
				SDKROOT = iphoneos;
				SWIFT_ACTIVE_COMPILATION_CONDITIONS = DEBUG;
				SWIFT_OPTIMIZATION_LEVEL = "-Onone";
			};
			name = Debug;
		};
		1BDB4B1727D8A7C9004DF2BA /* Release */ = {
			isa = XCBuildConfiguration;
			buildSettings = {
				ALWAYS_SEARCH_USER_PATHS = NO;
				CLANG_ANALYZER_NONNULL = YES;
				CLANG_ANALYZER_NUMBER_OBJECT_CONVERSION = YES_AGGRESSIVE;
				CLANG_CXX_LANGUAGE_STANDARD = "gnu++17";
				CLANG_CXX_LIBRARY = "libc++";
				CLANG_ENABLE_MODULES = YES;
				CLANG_ENABLE_OBJC_ARC = YES;
				CLANG_ENABLE_OBJC_WEAK = YES;
				CLANG_WARN_BLOCK_CAPTURE_AUTORELEASING = YES;
				CLANG_WARN_BOOL_CONVERSION = YES;
				CLANG_WARN_COMMA = YES;
				CLANG_WARN_CONSTANT_CONVERSION = YES;
				CLANG_WARN_DEPRECATED_OBJC_IMPLEMENTATIONS = YES;
				CLANG_WARN_DIRECT_OBJC_ISA_USAGE = YES_ERROR;
				CLANG_WARN_DOCUMENTATION_COMMENTS = YES;
				CLANG_WARN_EMPTY_BODY = YES;
				CLANG_WARN_ENUM_CONVERSION = YES;
				CLANG_WARN_INFINITE_RECURSION = YES;
				CLANG_WARN_INT_CONVERSION = YES;
				CLANG_WARN_NON_LITERAL_NULL_CONVERSION = YES;
				CLANG_WARN_OBJC_IMPLICIT_RETAIN_SELF = YES;
				CLANG_WARN_OBJC_LITERAL_CONVERSION = YES;
				CLANG_WARN_OBJC_ROOT_CLASS = YES_ERROR;
				CLANG_WARN_QUOTED_INCLUDE_IN_FRAMEWORK_HEADER = YES;
				CLANG_WARN_RANGE_LOOP_ANALYSIS = YES;
				CLANG_WARN_STRICT_PROTOTYPES = YES;
				CLANG_WARN_SUSPICIOUS_MOVE = YES;
				CLANG_WARN_UNGUARDED_AVAILABILITY = YES_AGGRESSIVE;
				CLANG_WARN_UNREACHABLE_CODE = YES;
				CLANG_WARN__DUPLICATE_METHOD_MATCH = YES;
				COPY_PHASE_STRIP = NO;
				DEBUG_INFORMATION_FORMAT = "dwarf-with-dsym";
				ENABLE_NS_ASSERTIONS = NO;
				ENABLE_STRICT_OBJC_MSGSEND = YES;
				GCC_C_LANGUAGE_STANDARD = gnu11;
				GCC_NO_COMMON_BLOCKS = YES;
				GCC_WARN_64_TO_32_BIT_CONVERSION = YES;
				GCC_WARN_ABOUT_RETURN_TYPE = YES_ERROR;
				GCC_WARN_UNDECLARED_SELECTOR = YES;
				GCC_WARN_UNINITIALIZED_AUTOS = YES_AGGRESSIVE;
				GCC_WARN_UNUSED_FUNCTION = YES;
				GCC_WARN_UNUSED_VARIABLE = YES;
				IPHONEOS_DEPLOYMENT_TARGET = 15.2;
				MTL_ENABLE_DEBUG_INFO = NO;
				MTL_FAST_MATH = YES;
				SDKROOT = iphoneos;
				SWIFT_COMPILATION_MODE = wholemodule;
				SWIFT_OPTIMIZATION_LEVEL = "-O";
				VALIDATE_PRODUCT = YES;
			};
			name = Release;
		};
		1BDB4B1927D8A7C9004DF2BA /* Debug */ = {
			isa = XCBuildConfiguration;
			baseConfigurationReference = 60A6D637B82258A7218F6DD1 /* Pods-CategoryApp.debug.xcconfig */;
			buildSettings = {
				ASSETCATALOG_COMPILER_APPICON_NAME = AppIcon;
				ASSETCATALOG_COMPILER_GLOBAL_ACCENT_COLOR_NAME = AccentColor;
				CODE_SIGN_STYLE = Automatic;
				CURRENT_PROJECT_VERSION = 1;
				DEVELOPMENT_TEAM = G2D43ULH2L;
				GENERATE_INFOPLIST_FILE = YES;
				INFOPLIST_FILE = CategoryApp/Info.plist;
				INFOPLIST_KEY_UIApplicationSupportsIndirectInputEvents = YES;
				INFOPLIST_KEY_UILaunchStoryboardName = LaunchScreen;
				INFOPLIST_KEY_UISupportedInterfaceOrientations_iPad = "UIInterfaceOrientationPortrait UIInterfaceOrientationPortraitUpsideDown UIInterfaceOrientationLandscapeLeft UIInterfaceOrientationLandscapeRight";
				INFOPLIST_KEY_UISupportedInterfaceOrientations_iPhone = "UIInterfaceOrientationPortrait UIInterfaceOrientationLandscapeLeft UIInterfaceOrientationLandscapeRight";
				LD_RUNPATH_SEARCH_PATHS = (
					"$(inherited)",
					"@executable_path/Frameworks",
				);
				MARKETING_VERSION = 1.0;
				PRODUCT_BUNDLE_IDENTIFIER = me.pavelsgarklavs.CategoryApp;
				PRODUCT_NAME = "$(TARGET_NAME)";
				SWIFT_EMIT_LOC_STRINGS = YES;
				SWIFT_VERSION = 5.0;
				TARGETED_DEVICE_FAMILY = "1,2";
			};
			name = Debug;
		};
		1BDB4B1A27D8A7C9004DF2BA /* Release */ = {
			isa = XCBuildConfiguration;
			baseConfigurationReference = 881EA49D3112EACBF262046D /* Pods-CategoryApp.release.xcconfig */;
			buildSettings = {
				ASSETCATALOG_COMPILER_APPICON_NAME = AppIcon;
				ASSETCATALOG_COMPILER_GLOBAL_ACCENT_COLOR_NAME = AccentColor;
				CODE_SIGN_STYLE = Automatic;
				CURRENT_PROJECT_VERSION = 1;
				DEVELOPMENT_TEAM = G2D43ULH2L;
				GENERATE_INFOPLIST_FILE = YES;
				INFOPLIST_FILE = CategoryApp/Info.plist;
				INFOPLIST_KEY_UIApplicationSupportsIndirectInputEvents = YES;
				INFOPLIST_KEY_UILaunchStoryboardName = LaunchScreen;
				INFOPLIST_KEY_UISupportedInterfaceOrientations_iPad = "UIInterfaceOrientationPortrait UIInterfaceOrientationPortraitUpsideDown UIInterfaceOrientationLandscapeLeft UIInterfaceOrientationLandscapeRight";
				INFOPLIST_KEY_UISupportedInterfaceOrientations_iPhone = "UIInterfaceOrientationPortrait UIInterfaceOrientationLandscapeLeft UIInterfaceOrientationLandscapeRight";
				LD_RUNPATH_SEARCH_PATHS = (
					"$(inherited)",
					"@executable_path/Frameworks",
				);
				MARKETING_VERSION = 1.0;
				PRODUCT_BUNDLE_IDENTIFIER = me.pavelsgarklavs.CategoryApp;
				PRODUCT_NAME = "$(TARGET_NAME)";
				SWIFT_EMIT_LOC_STRINGS = YES;
				SWIFT_VERSION = 5.0;
				TARGETED_DEVICE_FAMILY = "1,2";
			};
			name = Release;
		};
/* End XCBuildConfiguration section */

/* Begin XCConfigurationList section */
		1BDB4AFF27D8A7C7004DF2BA /* Build configuration list for PBXProject "CategoryApp" */ = {
			isa = XCConfigurationList;
			buildConfigurations = (
				1BDB4B1627D8A7C9004DF2BA /* Debug */,
				1BDB4B1727D8A7C9004DF2BA /* Release */,
			);
			defaultConfigurationIsVisible = 0;
			defaultConfigurationName = Release;
		};
		1BDB4B1827D8A7C9004DF2BA /* Build configuration list for PBXNativeTarget "CategoryApp" */ = {
			isa = XCConfigurationList;
			buildConfigurations = (
				1BDB4B1927D8A7C9004DF2BA /* Debug */,
				1BDB4B1A27D8A7C9004DF2BA /* Release */,
			);
			defaultConfigurationIsVisible = 0;
			defaultConfigurationName = Release;
		};
/* End XCConfigurationList section */
	};
	rootObject = 1BDB4AFC27D8A7C7004DF2BA /* Project object */;
}
